
Microsoft Visual Studio Solution File, Format Version 12.00
# Visual Studio Version 16
VisualStudioVersion = 16.0.29509.3
MinimumVisualStudioVersion = 10.0.40219.1
Project("{FAE04EC0-301F-11D3-BF4B-00C04F79EFBC}") = "Exercicio3Matriz", "Exercicio3Matriz\Exercicio3Matriz.csproj", "{AC3886F3-146F-404D-8D1C-F9A34C754499}"
EndProject
Global
	GlobalSection(SolutionConfigurationPlatforms) = preSolution
		Debug|Any CPU = Debug|Any CPU
		Release|Any CPU = Release|Any CPU
	EndGlobalSection
	GlobalSection(ProjectConfigurationPlatforms) = postSolution
		{AC3886F3-146F-404D-8D1C-F9A34C754499}.Debug|Any CPU.ActiveCfg = Debug|Any CPU
		{AC3886F3-146F-404D-8D1C-F9A34C754499}.Debug|Any CPU.Build.0 = Debug|Any CPU
		{AC3886F3-146F-404D-8D1C-F9A34C754499}.Release|Any CPU.ActiveCfg = Release|Any CPU
		{AC3886F3-146F-404D-8D1C-F9A34C754499}.Release|Any CPU.Build.0 = Release|Any CPU
	EndGlobalSection
	GlobalSection(SolutionProperties) = preSolution
		HideSolutionNode = FALSE
	EndGlobalSection
	GlobalSection(ExtensibilityGlobals) = postSolution
		SolutionGuid = {4CFBA9BA-FBB6-4579-B8A6-AA8B19D9B286}
	EndGlobalSection
EndGlobal
