
Microsoft Visual Studio Solution File, Format Version 12.00
# Visual Studio Version 16
VisualStudioVersion = 16.0.29509.3
MinimumVisualStudioVersion = 10.0.40219.1
Project("{FAE04EC0-301F-11D3-BF4B-00C04F79EFBC}") = "Ex2Vetores", "Ex2Vetores\Ex2Vetores.csproj", "{4B66A29A-9DBC-4A53-B097-67E0C3F09E3D}"
EndProject
Global
	GlobalSection(SolutionConfigurationPlatforms) = preSolution
		Debug|Any CPU = Debug|Any CPU
		Release|Any CPU = Release|Any CPU
	EndGlobalSection
	GlobalSection(ProjectConfigurationPlatforms) = postSolution
		{4B66A29A-9DBC-4A53-B097-67E0C3F09E3D}.Debug|Any CPU.ActiveCfg = Debug|Any CPU
		{4B66A29A-9DBC-4A53-B097-67E0C3F09E3D}.Debug|Any CPU.Build.0 = Debug|Any CPU
		{4B66A29A-9DBC-4A53-B097-67E0C3F09E3D}.Release|Any CPU.ActiveCfg = Release|Any CPU
		{4B66A29A-9DBC-4A53-B097-67E0C3F09E3D}.Release|Any CPU.Build.0 = Release|Any CPU
	EndGlobalSection
	GlobalSection(SolutionProperties) = preSolution
		HideSolutionNode = FALSE
	EndGlobalSection
	GlobalSection(ExtensibilityGlobals) = postSolution
		SolutionGuid = {D60981C5-1A06-4887-A829-B445F13B477C}
	EndGlobalSection
EndGlobal
