
Microsoft Visual Studio Solution File, Format Version 12.00
# Visual Studio Version 16
VisualStudioVersion = 16.0.28922.388
MinimumVisualStudioVersion = 10.0.40219.1
Project("{FAE04EC0-301F-11D3-BF4B-00C04F79EFBC}") = "BibliotecaVirtualApi", "BibliotecaVirtualApi\BibliotecaVirtualApi.csproj", "{9A43F1DC-349A-42A9-AB61-B462628D5913}"
EndProject
Global
	GlobalSection(SolutionConfigurationPlatforms) = preSolution
		Debug|Any CPU = Debug|Any CPU
		Release|Any CPU = Release|Any CPU
	EndGlobalSection
	GlobalSection(ProjectConfigurationPlatforms) = postSolution
		{9A43F1DC-349A-42A9-AB61-B462628D5913}.Debug|Any CPU.ActiveCfg = Debug|Any CPU
		{9A43F1DC-349A-42A9-AB61-B462628D5913}.Debug|Any CPU.Build.0 = Debug|Any CPU
		{9A43F1DC-349A-42A9-AB61-B462628D5913}.Release|Any CPU.ActiveCfg = Release|Any CPU
		{9A43F1DC-349A-42A9-AB61-B462628D5913}.Release|Any CPU.Build.0 = Release|Any CPU
	EndGlobalSection
	GlobalSection(SolutionProperties) = preSolution
		HideSolutionNode = FALSE
	EndGlobalSection
	GlobalSection(ExtensibilityGlobals) = postSolution
		SolutionGuid = {54EE5EF2-9ED2-4EDA-A52C-CA1E32FCA61D}
	EndGlobalSection
EndGlobal
