
Microsoft Visual Studio Solution File, Format Version 12.00
# Visual Studio Version 16
VisualStudioVersion = 16.0.29519.87
MinimumVisualStudioVersion = 10.0.40219.1
Project("{FAE04EC0-301F-11D3-BF4B-00C04F79EFBC}") = "ExerciciosClasse2", "ExerciciosClasse2\ExerciciosClasse2.csproj", "{F58EC401-BADD-41AB-9126-90C6F1159F96}"
EndProject
Global
	GlobalSection(SolutionConfigurationPlatforms) = preSolution
		Debug|Any CPU = Debug|Any CPU
		Release|Any CPU = Release|Any CPU
	EndGlobalSection
	GlobalSection(ProjectConfigurationPlatforms) = postSolution
		{F58EC401-BADD-41AB-9126-90C6F1159F96}.Debug|Any CPU.ActiveCfg = Debug|Any CPU
		{F58EC401-BADD-41AB-9126-90C6F1159F96}.Debug|Any CPU.Build.0 = Debug|Any CPU
		{F58EC401-BADD-41AB-9126-90C6F1159F96}.Release|Any CPU.ActiveCfg = Release|Any CPU
		{F58EC401-BADD-41AB-9126-90C6F1159F96}.Release|Any CPU.Build.0 = Release|Any CPU
	EndGlobalSection
	GlobalSection(SolutionProperties) = preSolution
		HideSolutionNode = FALSE
	EndGlobalSection
	GlobalSection(ExtensibilityGlobals) = postSolution
		SolutionGuid = {F94A2463-FD18-4C2C-9BD6-CD1ADAA1B980}
	EndGlobalSection
EndGlobal
