
Microsoft Visual Studio Solution File, Format Version 12.00
# Visual Studio Version 16
VisualStudioVersion = 16.0.29306.81
MinimumVisualStudioVersion = 10.0.40219.1
Project("{FAE04EC0-301F-11D3-BF4B-00C04F79EFBC}") = "Exercicio8Vetores", "Exercicio8Vetores.csproj", "{643F3BC0-0E09-4850-AEBC-B71B8FE8BCC5}"
EndProject
Global
	GlobalSection(SolutionConfigurationPlatforms) = preSolution
		Debug|Any CPU = Debug|Any CPU
		Release|Any CPU = Release|Any CPU
	EndGlobalSection
	GlobalSection(ProjectConfigurationPlatforms) = postSolution
		{643F3BC0-0E09-4850-AEBC-B71B8FE8BCC5}.Debug|Any CPU.ActiveCfg = Debug|Any CPU
		{643F3BC0-0E09-4850-AEBC-B71B8FE8BCC5}.Debug|Any CPU.Build.0 = Debug|Any CPU
		{643F3BC0-0E09-4850-AEBC-B71B8FE8BCC5}.Release|Any CPU.ActiveCfg = Release|Any CPU
		{643F3BC0-0E09-4850-AEBC-B71B8FE8BCC5}.Release|Any CPU.Build.0 = Release|Any CPU
	EndGlobalSection
	GlobalSection(SolutionProperties) = preSolution
		HideSolutionNode = FALSE
	EndGlobalSection
	GlobalSection(ExtensibilityGlobals) = postSolution
		SolutionGuid = {25D86021-9B2C-450A-9B27-FB5EA6F461E9}
	EndGlobalSection
EndGlobal
