
Microsoft Visual Studio Solution File, Format Version 12.00
# Visual Studio Version 16
VisualStudioVersion = 16.0.29306.81
MinimumVisualStudioVersion = 10.0.40219.1
Project("{FAE04EC0-301F-11D3-BF4B-00C04F79EFBC}") = "Maior e Posição URI 1080", "Maior e Posição URI 1080.csproj", "{4546AEDD-E3FB-4DB0-B6A3-0272ABDEE557}"
EndProject
Global
	GlobalSection(SolutionConfigurationPlatforms) = preSolution
		Debug|Any CPU = Debug|Any CPU
		Release|Any CPU = Release|Any CPU
	EndGlobalSection
	GlobalSection(ProjectConfigurationPlatforms) = postSolution
		{4546AEDD-E3FB-4DB0-B6A3-0272ABDEE557}.Debug|Any CPU.ActiveCfg = Debug|Any CPU
		{4546AEDD-E3FB-4DB0-B6A3-0272ABDEE557}.Debug|Any CPU.Build.0 = Debug|Any CPU
		{4546AEDD-E3FB-4DB0-B6A3-0272ABDEE557}.Release|Any CPU.ActiveCfg = Release|Any CPU
		{4546AEDD-E3FB-4DB0-B6A3-0272ABDEE557}.Release|Any CPU.Build.0 = Release|Any CPU
	EndGlobalSection
	GlobalSection(SolutionProperties) = preSolution
		HideSolutionNode = FALSE
	EndGlobalSection
	GlobalSection(ExtensibilityGlobals) = postSolution
		SolutionGuid = {C38EB8BA-ACBE-48B8-A53C-56A515A11E1E}
	EndGlobalSection
EndGlobal
