
Microsoft Visual Studio Solution File, Format Version 12.00
# Visual Studio Version 16
VisualStudioVersion = 16.0.29306.81
MinimumVisualStudioVersion = 10.0.40219.1
Project("{FAE04EC0-301F-11D3-BF4B-00C04F79EFBC}") = "Experiencia1094", "Experiencia1094.csproj", "{68D66B98-841D-45F5-BCA3-E7820378F88D}"
EndProject
Global
	GlobalSection(SolutionConfigurationPlatforms) = preSolution
		Debug|Any CPU = Debug|Any CPU
		Release|Any CPU = Release|Any CPU
	EndGlobalSection
	GlobalSection(ProjectConfigurationPlatforms) = postSolution
		{68D66B98-841D-45F5-BCA3-E7820378F88D}.Debug|Any CPU.ActiveCfg = Debug|Any CPU
		{68D66B98-841D-45F5-BCA3-E7820378F88D}.Debug|Any CPU.Build.0 = Debug|Any CPU
		{68D66B98-841D-45F5-BCA3-E7820378F88D}.Release|Any CPU.ActiveCfg = Release|Any CPU
		{68D66B98-841D-45F5-BCA3-E7820378F88D}.Release|Any CPU.Build.0 = Release|Any CPU
	EndGlobalSection
	GlobalSection(SolutionProperties) = preSolution
		HideSolutionNode = FALSE
	EndGlobalSection
	GlobalSection(ExtensibilityGlobals) = postSolution
		SolutionGuid = {8E958BE7-60F3-4BB8-9034-FB40234EAB87}
	EndGlobalSection
EndGlobal
