
Microsoft Visual Studio Solution File, Format Version 12.00
# Visual Studio Version 16
VisualStudioVersion = 16.0.29519.87
MinimumVisualStudioVersion = 10.0.40219.1
Project("{FAE04EC0-301F-11D3-BF4B-00C04F79EFBC}") = "EstruturaCondicional", "EstruturaCondicional\EstruturaCondicional.csproj", "{A19CFD79-1B7E-4CF7-BEFC-3D98C43574D8}"
EndProject
Global
	GlobalSection(SolutionConfigurationPlatforms) = preSolution
		Debug|Any CPU = Debug|Any CPU
		Release|Any CPU = Release|Any CPU
	EndGlobalSection
	GlobalSection(ProjectConfigurationPlatforms) = postSolution
		{A19CFD79-1B7E-4CF7-BEFC-3D98C43574D8}.Debug|Any CPU.ActiveCfg = Debug|Any CPU
		{A19CFD79-1B7E-4CF7-BEFC-3D98C43574D8}.Debug|Any CPU.Build.0 = Debug|Any CPU
		{A19CFD79-1B7E-4CF7-BEFC-3D98C43574D8}.Release|Any CPU.ActiveCfg = Release|Any CPU
		{A19CFD79-1B7E-4CF7-BEFC-3D98C43574D8}.Release|Any CPU.Build.0 = Release|Any CPU
	EndGlobalSection
	GlobalSection(SolutionProperties) = preSolution
		HideSolutionNode = FALSE
	EndGlobalSection
	GlobalSection(ExtensibilityGlobals) = postSolution
		SolutionGuid = {D0BA25D9-4E07-4CA1-903D-BB9BCECEDCFF}
	EndGlobalSection
EndGlobal
