
Microsoft Visual Studio Solution File, Format Version 12.00
# Visual Studio Version 16
VisualStudioVersion = 16.0.29519.87
MinimumVisualStudioVersion = 10.0.40219.1
Project("{FAE04EC0-301F-11D3-BF4B-00C04F79EFBC}") = "PrimeirosExerciciosClasses", "PrimeirosExerciciosClasses\PrimeirosExerciciosClasses.csproj", "{05636BD8-1302-4C36-8C6A-6D0CB54BFB3A}"
EndProject
Global
	GlobalSection(SolutionConfigurationPlatforms) = preSolution
		Debug|Any CPU = Debug|Any CPU
		Release|Any CPU = Release|Any CPU
	EndGlobalSection
	GlobalSection(ProjectConfigurationPlatforms) = postSolution
		{05636BD8-1302-4C36-8C6A-6D0CB54BFB3A}.Debug|Any CPU.ActiveCfg = Debug|Any CPU
		{05636BD8-1302-4C36-8C6A-6D0CB54BFB3A}.Debug|Any CPU.Build.0 = Debug|Any CPU
		{05636BD8-1302-4C36-8C6A-6D0CB54BFB3A}.Release|Any CPU.ActiveCfg = Release|Any CPU
		{05636BD8-1302-4C36-8C6A-6D0CB54BFB3A}.Release|Any CPU.Build.0 = Release|Any CPU
	EndGlobalSection
	GlobalSection(SolutionProperties) = preSolution
		HideSolutionNode = FALSE
	EndGlobalSection
	GlobalSection(ExtensibilityGlobals) = postSolution
		SolutionGuid = {D913EFC2-6078-4D63-94C7-59B3BF0DAA4D}
	EndGlobalSection
EndGlobal
