
Microsoft Visual Studio Solution File, Format Version 12.00
# Visual Studio Version 16
VisualStudioVersion = 16.0.29609.76
MinimumVisualStudioVersion = 10.0.40219.1
Project("{FAE04EC0-301F-11D3-BF4B-00C04F79EFBC}") = "MatrizExResolvido", "MatrizExResolvido\MatrizExResolvido.csproj", "{11E64028-9EA6-4116-B14A-9C5EDE9C3C72}"
EndProject
Global
	GlobalSection(SolutionConfigurationPlatforms) = preSolution
		Debug|Any CPU = Debug|Any CPU
		Release|Any CPU = Release|Any CPU
	EndGlobalSection
	GlobalSection(ProjectConfigurationPlatforms) = postSolution
		{11E64028-9EA6-4116-B14A-9C5EDE9C3C72}.Debug|Any CPU.ActiveCfg = Debug|Any CPU
		{11E64028-9EA6-4116-B14A-9C5EDE9C3C72}.Debug|Any CPU.Build.0 = Debug|Any CPU
		{11E64028-9EA6-4116-B14A-9C5EDE9C3C72}.Release|Any CPU.ActiveCfg = Release|Any CPU
		{11E64028-9EA6-4116-B14A-9C5EDE9C3C72}.Release|Any CPU.Build.0 = Release|Any CPU
	EndGlobalSection
	GlobalSection(SolutionProperties) = preSolution
		HideSolutionNode = FALSE
	EndGlobalSection
	GlobalSection(ExtensibilityGlobals) = postSolution
		SolutionGuid = {120DA3E1-4D48-40CA-8F87-8DDC83478F15}
	EndGlobalSection
EndGlobal
