
Microsoft Visual Studio Solution File, Format Version 12.00
# Visual Studio Version 16
VisualStudioVersion = 16.0.29509.3
MinimumVisualStudioVersion = 10.0.40219.1
Project("{FAE04EC0-301F-11D3-BF4B-00C04F79EFBC}") = "ExercicioResolvido3", "ExercicioResolvido3\ExercicioResolvido3.csproj", "{35770D72-DDC3-4B00-9C4A-CFAC39806B55}"
EndProject
Global
	GlobalSection(SolutionConfigurationPlatforms) = preSolution
		Debug|Any CPU = Debug|Any CPU
		Release|Any CPU = Release|Any CPU
	EndGlobalSection
	GlobalSection(ProjectConfigurationPlatforms) = postSolution
		{35770D72-DDC3-4B00-9C4A-CFAC39806B55}.Debug|Any CPU.ActiveCfg = Debug|Any CPU
		{35770D72-DDC3-4B00-9C4A-CFAC39806B55}.Debug|Any CPU.Build.0 = Debug|Any CPU
		{35770D72-DDC3-4B00-9C4A-CFAC39806B55}.Release|Any CPU.ActiveCfg = Release|Any CPU
		{35770D72-DDC3-4B00-9C4A-CFAC39806B55}.Release|Any CPU.Build.0 = Release|Any CPU
	EndGlobalSection
	GlobalSection(SolutionProperties) = preSolution
		HideSolutionNode = FALSE
	EndGlobalSection
	GlobalSection(ExtensibilityGlobals) = postSolution
		SolutionGuid = {E7E30AE7-994E-44DF-8720-D6D705C2844A}
	EndGlobalSection
EndGlobal
