
Microsoft Visual Studio Solution File, Format Version 12.00
# Visual Studio Version 16
VisualStudioVersion = 16.0.29519.87
MinimumVisualStudioVersion = 10.0.40219.1
Project("{FAE04EC0-301F-11D3-BF4B-00C04F79EFBC}") = "PrimeiroProjeto", "PrimeiroProjeto\PrimeiroProjeto.csproj", "{D81F7ACC-0C20-4930-8C5F-00791FF94195}"
EndProject
Global
	GlobalSection(SolutionConfigurationPlatforms) = preSolution
		Debug|Any CPU = Debug|Any CPU
		Release|Any CPU = Release|Any CPU
	EndGlobalSection
	GlobalSection(ProjectConfigurationPlatforms) = postSolution
		{D81F7ACC-0C20-4930-8C5F-00791FF94195}.Debug|Any CPU.ActiveCfg = Debug|Any CPU
		{D81F7ACC-0C20-4930-8C5F-00791FF94195}.Debug|Any CPU.Build.0 = Debug|Any CPU
		{D81F7ACC-0C20-4930-8C5F-00791FF94195}.Release|Any CPU.ActiveCfg = Release|Any CPU
		{D81F7ACC-0C20-4930-8C5F-00791FF94195}.Release|Any CPU.Build.0 = Release|Any CPU
	EndGlobalSection
	GlobalSection(SolutionProperties) = preSolution
		HideSolutionNode = FALSE
	EndGlobalSection
	GlobalSection(ExtensibilityGlobals) = postSolution
		SolutionGuid = {CF98806E-1847-470C-B3B9-07CC6FCD7A25}
	EndGlobalSection
EndGlobal
