
Microsoft Visual Studio Solution File, Format Version 12.00
# Visual Studio Version 16
VisualStudioVersion = 16.0.29509.3
MinimumVisualStudioVersion = 10.0.40219.1
Project("{FAE04EC0-301F-11D3-BF4B-00C04F79EFBC}") = "Exercicio6Vetores", "Exercicio6Vetores\Exercicio6Vetores.csproj", "{AB7658CA-A700-40FC-BAA4-6C5A99D47D45}"
EndProject
Global
	GlobalSection(SolutionConfigurationPlatforms) = preSolution
		Debug|Any CPU = Debug|Any CPU
		Release|Any CPU = Release|Any CPU
	EndGlobalSection
	GlobalSection(ProjectConfigurationPlatforms) = postSolution
		{AB7658CA-A700-40FC-BAA4-6C5A99D47D45}.Debug|Any CPU.ActiveCfg = Debug|Any CPU
		{AB7658CA-A700-40FC-BAA4-6C5A99D47D45}.Debug|Any CPU.Build.0 = Debug|Any CPU
		{AB7658CA-A700-40FC-BAA4-6C5A99D47D45}.Release|Any CPU.ActiveCfg = Release|Any CPU
		{AB7658CA-A700-40FC-BAA4-6C5A99D47D45}.Release|Any CPU.Build.0 = Release|Any CPU
	EndGlobalSection
	GlobalSection(SolutionProperties) = preSolution
		HideSolutionNode = FALSE
	EndGlobalSection
	GlobalSection(ExtensibilityGlobals) = postSolution
		SolutionGuid = {F1D0954A-7054-4633-97C9-C5D5C18A9908}
	EndGlobalSection
EndGlobal
